// !$*UTF8*$!
{
	archiveVersion = 1;
	classes = {
	};
	objectVersion = 46;
	objects = {

/* Begin PBXBuildFile section */
		6A9854A61E909E2F0053955C /* BinarySearch.m in Sources */ = {isa = PBXBuildFile; fileRef = 6A9854A51E909E2F0053955C /* BinarySearch.m */; };
		6A9D90841E909A3300EFB588 /* main.m in Sources */ = {isa = PBXBuildFile; fileRef = 6A9D90831E909A3300EFB588 /* main.m */; };
		6A9D908C1E909AAA00EFB588 /* SequentialSearch.m in Sources */ = {isa = PBXBuildFile; fileRef = 6A9D908B1E909AAA00EFB588 /* SequentialSearch.m */; };
/* End PBXBuildFile section */

/* Begin PBXCopyFilesBuildPhase section */
		6A9D907E1E909A3300EFB588 /* CopyFiles */ = {
			isa = PBXCopyFilesBuildPhase;
			buildActionMask = 2147483647;
			dstPath = /usr/share/man/man1/;
			dstSubfolderSpec = 0;
			files = (
			);
			runOnlyForDeploymentPostprocessing = 1;
		};
/* End PBXCopyFilesBuildPhase section */

/* Begin PBXFileReference section */
		6A9854A41E909E2F0053955C /* BinarySearch.h */ = {isa = PBXFileReference; fileEncoding = 4; lastKnownFileType = sourcecode.c.h; path = BinarySearch.h; sourceTree = "<group>"; };
		6A9854A51E909E2F0053955C /* BinarySearch.m */ = {isa = PBXFileReference; fileEncoding = 4; lastKnownFileType = sourcecode.c.objc; path = BinarySearch.m; sourceTree = "<group>"; };
		6A9D90801E909A3300EFB588 /* SearchCollection */ = {isa = PBXFileReference; explicitFileType = "compiled.mach-o.executable"; includeInIndex = 0; path = SearchCollection; sourceTree = BUILT_PRODUCTS_DIR; };
		6A9D90831E909A3300EFB588 /* main.m */ = {isa = PBXFileReference; lastKnownFileType = sourcecode.c.objc; path = main.m; sourceTree = "<group>"; };
		6A9D908A1E909AAA00EFB588 /* SequentialSearch.h */ = {isa = PBXFileReference; fileEncoding = 4; lastKnownFileType = sourcecode.c.h; path = SequentialSearch.h; sourceTree = "<group>"; };
		6A9D908B1E909AAA00EFB588 /* SequentialSearch.m */ = {isa = PBXFileReference; fileEncoding = 4; lastKnownFileType = sourcecode.c.objc; path = SequentialSearch.m; sourceTree = "<group>"; };
/* End PBXFileReference section */

/* Begin PBXFrameworksBuildPhase section */
		6A9D907D1E909A3300EFB588 /* Frameworks */ = {
			isa = PBXFrameworksBuildPhase;
			buildActionMask = 2147483647;
			files = (
			);
			runOnlyForDeploymentPostprocessing = 0;
		};
/* End PBXFrameworksBuildPhase section */

/* Begin PBXGroup section */
		6A9D90771E909A3300EFB588 = {
			isa = PBXGroup;
			children = (
				6A9D90821E909A3300EFB588 /* SearchCollection */,
				6A9D90811E909A3300EFB588 /* Products */,
			);
			sourceTree = "<group>";
		};
		6A9D90811E909A3300EFB588 /* Products */ = {
			isa = PBXGroup;
			children = (
				6A9D90801E909A3300EFB588 /* SearchCollection */,
			);
			name = Products;
			sourceTree = "<group>";
		};
		6A9D90821E909A3300EFB588 /* SearchCollection */ = {
			isa = PBXGroup;
			children = (
				6A9D90831E909A3300EFB588 /* main.m */,
				6A9D908A1E909AAA00EFB588 /* SequentialSearch.h */,
				6A9D908B1E909AAA00EFB588 /* SequentialSearch.m */,
				6A9854A41E909E2F0053955C /* BinarySearch.h */,
				6A9854A51E909E2F0053955C /* BinarySearch.m */,
			);
			path = SearchCollection;
			sourceTree = "<group>";
		};
/* End PBXGroup section */

/* Begin PBXNativeTarget section */
		6A9D907F1E909A3300EFB588 /* SearchCollection */ = {
			isa = PBXNativeTarget;
			buildConfigurationList = 6A9D90871E909A3300EFB588 /* Build configuration list for PBXNativeTarget "SearchCollection" */;
			buildPhases = (
				6A9D907C1E909A3300EFB588 /* Sources */,
				6A9D907D1E909A3300EFB588 /* Frameworks */,
				6A9D907E1E909A3300EFB588 /* CopyFiles */,
			);
			buildRules = (
			);
			dependencies = (
			);
			name = SearchCollection;
			productName = SearchCollection;
			productReference = 6A9D90801E909A3300EFB588 /* SearchCollection */;
			productType = "com.apple.product-type.tool";
		};
/* End PBXNativeTarget section */

/* Begin PBXProject section */
		6A9D90781E909A3300EFB588 /* Project object */ = {
			isa = PBXProject;
			attributes = {
				LastUpgradeCheck = 0800;
				ORGANIZATIONNAME = nineteen;
				TargetAttributes = {
					6A9D907F1E909A3300EFB588 = {
						CreatedOnToolsVersion = 8.0;
						ProvisioningStyle = Automatic;
					};
				};
			};
			buildConfigurationList = 6A9D907B1E909A3300EFB588 /* Build configuration list for PBXProject "SearchCollection" */;
			compatibilityVersion = "Xcode 3.2";
			developmentRegion = English;
			hasScannedForEncodings = 0;
			knownRegions = (
				en,
			);
			mainGroup = 6A9D90771E909A3300EFB588;
			productRefGroup = 6A9D90811E909A3300EFB588 /* Products */;
			projectDirPath = "";
			projectRoot = "";
			targets = (
				6A9D907F1E909A3300EFB588 /* SearchCollection */,
			);
		};
/* End PBXProject section */

/* Begin PBXSourcesBuildPhase section */
		6A9D907C1E909A3300EFB588 /* Sources */ = {
			isa = PBXSourcesBuildPhase;
			buildActionMask = 2147483647;
			files = (
				6A9D908C1E909AAA00EFB588 /* SequentialSearch.m in Sources */,
				6A9854A61E909E2F0053955C /* BinarySearch.m in Sources */,
				6A9D90841E909A3300EFB588 /* main.m in Sources */,
			);
			runOnlyForDeploymentPostprocessing = 0;
		};
/* End PBXSourcesBuildPhase section */

/* Begin XCBuildConfiguration section */
		6A9D90851E909A3300EFB588 /* Debug */ = {
			isa = XCBuildConfiguration;
			buildSettings = {
				ALWAYS_SEARCH_USER_PATHS = NO;
				CLANG_ANALYZER_NONNULL = YES;
				CLANG_CXX_LANGUAGE_STANDARD = "gnu++0x";
				CLANG_CXX_LIBRARY = "libc++";
				CLANG_ENABLE_MODULES = YES;
				CLANG_ENABLE_OBJC_ARC = YES;
				CLANG_WARN_BOOL_CONVERSION = YES;
				CLANG_WARN_CONSTANT_CONVERSION = YES;
				CLANG_WARN_DIRECT_OBJC_ISA_USAGE = YES_ERROR;
				CLANG_WARN_DOCUMENTATION_COMMENTS = YES;
				CLANG_WARN_EMPTY_BODY = YES;
				CLANG_WARN_ENUM_CONVERSION = YES;
				CLANG_WARN_INFINITE_RECURSION = YES;
				CLANG_WARN_INT_CONVERSION = YES;
				CLANG_WARN_OBJC_ROOT_CLASS = YES_ERROR;
				CLANG_WARN_SUSPICIOUS_MOVES = YES;
				CLANG_WARN_UNREACHABLE_CODE = YES;
				CLANG_WARN__DUPLICATE_METHOD_MATCH = YES;
				CODE_SIGN_IDENTITY = "-";
				COPY_PHASE_STRIP = NO;
				DEBUG_INFORMATION_FORMAT = dwarf;
				ENABLE_STRICT_OBJC_MSGSEND = YES;
				ENABLE_TESTABILITY = YES;
				GCC_C_LANGUAGE_STANDARD = gnu99;
				GCC_DYNAMIC_NO_PIC = NO;
				GCC_NO_COMMON_BLOCKS = YES;
				GCC_OPTIMIZATION_LEVEL = 0;
				GCC_PREPROCESSOR_DEFINITIONS = (
					"DEBUG=1",
					"$(inherited)",
				);
				GCC_WARN_64_TO_32_BIT_CONVERSION = YES;
				GCC_WARN_ABOUT_RETURN_TYPE = YES_ERROR;
				GCC_WARN_UNDECLARED_SELECTOR = YES;
				GCC_WARN_UNINITIALIZED_AUTOS = YES_AGGRESSIVE;
				GCC_WARN_UNUSED_FUNCTION = YES;
				GCC_WARN_UNUSED_VARIABLE = YES;
				MACOSX_DEPLOYMENT_TARGET = 10.11;
				MTL_ENABLE_DEBUG_INFO = YES;
				ONLY_ACTIVE_ARCH = YES;
				SDKROOT = macosx;
			};
			name = Debug;
		};
		6A9D90861E909A3300EFB588 /* Release */ = {
			isa = XCBuildConfiguration;
			buildSettings = {
				ALWAYS_SEARCH_USER_PATHS = NO;
				CLANG_ANALYZER_NONNULL = YES;
				CLANG_CXX_LANGUAGE_STANDARD = "gnu++0x";
				CLANG_CXX_LIBRARY = "libc++";
				CLANG_ENABLE_MODULES = YES;
				CLANG_ENABLE_OBJC_ARC = YES;
				CLANG_WARN_BOOL_CONVERSION = YES;
				CLANG_WARN_CONSTANT_CONVERSION = YES;
				CLANG_WARN_DIRECT_OBJC_ISA_USAGE = YES_ERROR;
				CLANG_WARN_DOCUMENTATION_COMMENTS = YES;
				CLANG_WARN_EMPTY_BODY = YES;
				CLANG_WARN_ENUM_CONVERSION = YES;
				CLANG_WARN_INFINITE_RECURSION = YES;
				CLANG_WARN_INT_CONVERSION = YES;
				CLANG_WARN_OBJC_ROOT_CLASS = YES_ERROR;
				CLANG_WARN_SUSPICIOUS_MOVES = YES;
				CLANG_WARN_UNREACHABLE_CODE = YES;
				CLANG_WARN__DUPLICATE_METHOD_MATCH = YES;
				CODE_SIGN_IDENTITY = "-";
				COPY_PHASE_STRIP = NO;
				DEBUG_INFORMATION_FORMAT = "dwarf-with-dsym";
				ENABLE_NS_ASSERTIONS = NO;
				ENABLE_STRICT_OBJC_MSGSEND = YES;
				GCC_C_LANGUAGE_STANDARD = gnu99;
				GCC_NO_COMMON_BLOCKS = YES;
				GCC_WARN_64_TO_32_BIT_CONVERSION = YES;
				GCC_WARN_ABOUT_RETURN_TYPE = YES_ERROR;
				GCC_WARN_UNDECLARED_SELECTOR = YES;
				GCC_WARN_UNINITIALIZED_AUTOS = YES_AGGRESSIVE;
				GCC_WARN_UNUSED_FUNCTION = YES;
				GCC_WARN_UNUSED_VARIABLE = YES;
				MACOSX_DEPLOYMENT_TARGET = 10.11;
				MTL_ENABLE_DEBUG_INFO = NO;
				SDKROOT = macosx;
			};
			name = Release;
		};
		6A9D90881E909A3300EFB588 /* Debug */ = {
			isa = XCBuildConfiguration;
			buildSettings = {
				PRODUCT_NAME = "$(TARGET_NAME)";
			};
			name = Debug;
		};
		6A9D90891E909A3300EFB588 /* Release */ = {
			isa = XCBuildConfiguration;
			buildSettings = {
				PRODUCT_NAME = "$(TARGET_NAME)";
			};
			name = Release;
		};
/* End XCBuildConfiguration section */

/* Begin XCConfigurationList section */
		6A9D907B1E909A3300EFB588 /* Build configuration list for PBXProject "SearchCollection" */ = {
			isa = XCConfigurationList;
			buildConfigurations = (
				6A9D90851E909A3300EFB588 /* Debug */,
				6A9D90861E909A3300EFB588 /* Release */,
			);
			defaultConfigurationIsVisible = 0;
			defaultConfigurationName = Release;
		};
		6A9D90871E909A3300EFB588 /* Build configuration list for PBXNativeTarget "SearchCollection" */ = {
			isa = XCConfigurationList;
			buildConfigurations = (
				6A9D90881E909A3300EFB588 /* Debug */,
				6A9D90891E909A3300EFB588 /* Release */,
			);
			defaultConfigurationIsVisible = 0;
			defaultConfigurationName = Release;
		};
/* End XCConfigurationList section */
	};
	rootObject = 6A9D90781E909A3300EFB588 /* Project object */;
}
